{
  "name": "@greenways-ai/visual-language",
  "version": "4.6.2",
  "lockfileVersion": 3,
  "requires": true,
  "packages": {
    "": {
      "name": "@greenways-ai/visual-language",
      "version": "4.6.2",
      "license": "Apache-2.0",
      "bin": {
        "gw-sync-favicon": "bin/gw-sync-favicon.mjs",
        "gw-visual-audit": "bin/gw-visual-audit.mjs"
      },
      "peerDependencies": {
        "astro": ">=5.0.0"
      },
      "peerDependenciesMeta": {
        "astro": {
          "optional": true
        }
      },
      "engines": {
        "node": ">=22"
      }
    }
  }
}
