{
  "name": "@greenways-ai/visual-language",
  "version": "3.0.0",
  "lockfileVersion": 3,
  "requires": true,
  "packages": {
    "": {
      "name": "@greenways-ai/visual-language",
      "version": "3.0.0",
      "license": "Apache-2.0",
      "bin": {
        "gw-sync-favicon": "bin/gw-sync-favicon.mjs",
        "gw-visual-audit": "bin/gw-visual-audit.mjs"
      },
      "engines": {
        "node": ">=22"
      }
    }
  }
}
